
Microsoft Visual Studio Solution File, Format Version 12.00
# Visual Studio 14
VisualStudioVersion = 14.0.24720.0
MinimumVisualStudioVersion = 10.0.40219.1
Project("{FAE04EC0-301F-11D3-BF4B-00C04F79EFBC}") = "SportsStore.Domain", "SportStore.Domain\SportsStore.Domain.csproj", "{B0D80CC4-D37D-4353-9F3D-C39BFE26D878}"
EndProject
Project("{FAE04EC0-301F-11D3-BF4B-00C04F79EFBC}") = "SportsStore.WebUI", "SportsStore.WebUI\SportsStore.WebUI.csproj", "{E27475F8-2E60-419C-A1E1-27039A75B7C2}"
EndProject
Project("{FAE04EC0-301F-11D3-BF4B-00C04F79EFBC}") = "SportsStore.UnitTests", "SportsStore.UnitTests\SportsStore.UnitTests.csproj", "{8BF0C1F0-C923-4A30-A074-9195E93A8B23}"
EndProject
Global
	GlobalSection(SolutionConfigurationPlatforms) = preSolution
		Debug|Any CPU = Debug|Any CPU
		Release|Any CPU = Release|Any CPU
	EndGlobalSection
	GlobalSection(ProjectConfigurationPlatforms) = postSolution
		{B0D80CC4-D37D-4353-9F3D-C39BFE26D878}.Debug|Any CPU.ActiveCfg = Debug|Any CPU
		{B0D80CC4-D37D-4353-9F3D-C39BFE26D878}.Debug|Any CPU.Build.0 = Debug|Any CPU
		{B0D80CC4-D37D-4353-9F3D-C39BFE26D878}.Release|Any CPU.ActiveCfg = Release|Any CPU
		{B0D80CC4-D37D-4353-9F3D-C39BFE26D878}.Release|Any CPU.Build.0 = Release|Any CPU
		{E27475F8-2E60-419C-A1E1-27039A75B7C2}.Debug|Any CPU.ActiveCfg = Debug|Any CPU
		{E27475F8-2E60-419C-A1E1-27039A75B7C2}.Debug|Any CPU.Build.0 = Debug|Any CPU
		{E27475F8-2E60-419C-A1E1-27039A75B7C2}.Release|Any CPU.ActiveCfg = Release|Any CPU
		{E27475F8-2E60-419C-A1E1-27039A75B7C2}.Release|Any CPU.Build.0 = Release|Any CPU
		{8BF0C1F0-C923-4A30-A074-9195E93A8B23}.Debug|Any CPU.ActiveCfg = Debug|Any CPU
		{8BF0C1F0-C923-4A30-A074-9195E93A8B23}.Debug|Any CPU.Build.0 = Debug|Any CPU
		{8BF0C1F0-C923-4A30-A074-9195E93A8B23}.Release|Any CPU.ActiveCfg = Release|Any CPU
		{8BF0C1F0-C923-4A30-A074-9195E93A8B23}.Release|Any CPU.Build.0 = Release|Any CPU
	EndGlobalSection
	GlobalSection(SolutionProperties) = preSolution
		HideSolutionNode = FALSE
	EndGlobalSection
EndGlobal
